
Microsoft Visual Studio Solution File, Format Version 12.00
# Visual Studio Version 17
VisualStudioVersion = 17.12.35707.178 d17.12
MinimumVisualStudioVersion = 10.0.40219.1
Project("{FAE04EC0-301F-11D3-BF4B-00C04F79EFBC}") = "Tickets.Api", "Tickets.Api\Tickets.Api.csproj", "{C4EE1B3E-2E4C-45FC-92CE-CA831AD44187}"
EndProject
Project("{FAE04EC0-301F-11D3-BF4B-00C04F79EFBC}") = "Tickets.Application", "Tickets.Application\Tickets.Application.csproj", "{C8A4E319-9EB7-49F3-AF40-F8C22F168A05}"
EndProject
Project("{FAE04EC0-301F-11D3-BF4B-00C04F79EFBC}") = "Tickets.Domain", "Tickets.Domain\Tickets.Domain.csproj", "{3CD8F71B-CA18-417E-8783-BF22F3BE3518}"
EndProject
Project("{FAE04EC0-301F-11D3-BF4B-00C04F79EFBC}") = "Tickets.Infrastructure", "Tickets.Infrastructure\Tickets.Infrastructure.csproj", "{C83CCF45-875C-4102-88D4-04D299AD9B02}"
EndProject
Global
	GlobalSection(SolutionConfigurationPlatforms) = preSolution
		Debug|Any CPU = Debug|Any CPU
		Release|Any CPU = Release|Any CPU
	EndGlobalSection
	GlobalSection(ProjectConfigurationPlatforms) = postSolution
		{C4EE1B3E-2E4C-45FC-92CE-CA831AD44187}.Debug|Any CPU.ActiveCfg = Debug|Any CPU
		{C4EE1B3E-2E4C-45FC-92CE-CA831AD44187}.Debug|Any CPU.Build.0 = Debug|Any CPU
		{C4EE1B3E-2E4C-45FC-92CE-CA831AD44187}.Release|Any CPU.ActiveCfg = Release|Any CPU
		{C4EE1B3E-2E4C-45FC-92CE-CA831AD44187}.Release|Any CPU.Build.0 = Release|Any CPU
		{C8A4E319-9EB7-49F3-AF40-F8C22F168A05}.Debug|Any CPU.ActiveCfg = Debug|Any CPU
		{C8A4E319-9EB7-49F3-AF40-F8C22F168A05}.Debug|Any CPU.Build.0 = Debug|Any CPU
		{C8A4E319-9EB7-49F3-AF40-F8C22F168A05}.Release|Any CPU.ActiveCfg = Release|Any CPU
		{C8A4E319-9EB7-49F3-AF40-F8C22F168A05}.Release|Any CPU.Build.0 = Release|Any CPU
		{3CD8F71B-CA18-417E-8783-BF22F3BE3518}.Debug|Any CPU.ActiveCfg = Debug|Any CPU
		{3CD8F71B-CA18-417E-8783-BF22F3BE3518}.Debug|Any CPU.Build.0 = Debug|Any CPU
		{3CD8F71B-CA18-417E-8783-BF22F3BE3518}.Release|Any CPU.ActiveCfg = Release|Any CPU
		{3CD8F71B-CA18-417E-8783-BF22F3BE3518}.Release|Any CPU.Build.0 = Release|Any CPU
		{C83CCF45-875C-4102-88D4-04D299AD9B02}.Debug|Any CPU.ActiveCfg = Debug|Any CPU
		{C83CCF45-875C-4102-88D4-04D299AD9B02}.Debug|Any CPU.Build.0 = Debug|Any CPU
		{C83CCF45-875C-4102-88D4-04D299AD9B02}.Release|Any CPU.ActiveCfg = Release|Any CPU
		{C83CCF45-875C-4102-88D4-04D299AD9B02}.Release|Any CPU.Build.0 = Release|Any CPU
	EndGlobalSection
	GlobalSection(SolutionProperties) = preSolution
		HideSolutionNode = FALSE
	EndGlobalSection
EndGlobal
